
Microsoft Visual Studio Solution File, Format Version 12.00
# Visual Studio Version 17
VisualStudioVersion = 17.11.35312.102
MinimumVisualStudioVersion = 10.0.40219.1
Project("{FAE04EC0-301F-11D3-BF4B-00C04F79EFBC}") = "CollectionsWPF", "CollectionsWPF.csproj", "{D8A62828-8CD5-475D-82FF-81DF1A564D9C}"
EndProject
Global
	GlobalSection(SolutionConfigurationPlatforms) = preSolution
		Debug|Any CPU = Debug|Any CPU
		Release|Any CPU = Release|Any CPU
	EndGlobalSection
	GlobalSection(ProjectConfigurationPlatforms) = postSolution
		{D8A62828-8CD5-475D-82FF-81DF1A564D9C}.Debug|Any CPU.ActiveCfg = Debug|Any CPU
		{D8A62828-8CD5-475D-82FF-81DF1A564D9C}.Debug|Any CPU.Build.0 = Debug|Any CPU
		{D8A62828-8CD5-475D-82FF-81DF1A564D9C}.Release|Any CPU.ActiveCfg = Release|Any CPU
		{D8A62828-8CD5-475D-82FF-81DF1A564D9C}.Release|Any CPU.Build.0 = Release|Any CPU
	EndGlobalSection
	GlobalSection(SolutionProperties) = preSolution
		HideSolutionNode = FALSE
	EndGlobalSection
	GlobalSection(ExtensibilityGlobals) = postSolution
		SolutionGuid = {946558E0-9934-402F-B171-453EB76C89DF}
	EndGlobalSection
EndGlobal
